
Microsoft Visual Studio Solution File, Format Version 12.00
# Visual Studio Version 16
VisualStudioVersion = 16.0.29728.190
MinimumVisualStudioVersion = 10.0.40219.1
Project("{FAE04EC0-301F-11D3-BF4B-00C04F79EFBC}") = "P3 Code", "P3 Code\P3 Code.csproj", "{28FFF4CA-55BD-48F9-8D24-A9E8FFEE9F6E}"
EndProject
Project("{FAE04EC0-301F-11D3-BF4B-00C04F79EFBC}") = "UnitTestFakeEmployeeRepository", "UnitTestFakeEmployeeRepository\UnitTestFakeEmployeeRepository.csproj", "{EFF79E12-0501-4D67-95F8-5DEE04FCF8B7}"
EndProject
Global
	GlobalSection(SolutionConfigurationPlatforms) = preSolution
		Debug|Any CPU = Debug|Any CPU
		Release|Any CPU = Release|Any CPU
	EndGlobalSection
	GlobalSection(ProjectConfigurationPlatforms) = postSolution
		{28FFF4CA-55BD-48F9-8D24-A9E8FFEE9F6E}.Debug|Any CPU.ActiveCfg = Debug|Any CPU
		{28FFF4CA-55BD-48F9-8D24-A9E8FFEE9F6E}.Debug|Any CPU.Build.0 = Debug|Any CPU
		{28FFF4CA-55BD-48F9-8D24-A9E8FFEE9F6E}.Release|Any CPU.ActiveCfg = Release|Any CPU
		{28FFF4CA-55BD-48F9-8D24-A9E8FFEE9F6E}.Release|Any CPU.Build.0 = Release|Any CPU
		{EFF79E12-0501-4D67-95F8-5DEE04FCF8B7}.Debug|Any CPU.ActiveCfg = Debug|Any CPU
		{EFF79E12-0501-4D67-95F8-5DEE04FCF8B7}.Debug|Any CPU.Build.0 = Debug|Any CPU
		{EFF79E12-0501-4D67-95F8-5DEE04FCF8B7}.Release|Any CPU.ActiveCfg = Release|Any CPU
		{EFF79E12-0501-4D67-95F8-5DEE04FCF8B7}.Release|Any CPU.Build.0 = Release|Any CPU
	EndGlobalSection
	GlobalSection(SolutionProperties) = preSolution
		HideSolutionNode = FALSE
	EndGlobalSection
	GlobalSection(ExtensibilityGlobals) = postSolution
		SolutionGuid = {8982B5EE-2F63-4053-9E23-459FEB899B18}
	EndGlobalSection
EndGlobal
